
Microsoft Visual Studio Solution File, Format Version 12.00
# Visual Studio Version 16
VisualStudioVersion = 16.0.34601.136
MinimumVisualStudioVersion = 10.0.40219.1
Project("{FAE04EC0-301F-11D3-BF4B-00C04F79EFBC}") = "SportApp", "SportApp.csproj", "{8BF44619-1772-494D-87D6-6D304C50DDEF}"
EndProject
Global
	GlobalSection(SolutionConfigurationPlatforms) = preSolution
		Debug|Any CPU = Debug|Any CPU
		Release|Any CPU = Release|Any CPU
	EndGlobalSection
	GlobalSection(ProjectConfigurationPlatforms) = postSolution
		{8BF44619-1772-494D-87D6-6D304C50DDEF}.Debug|Any CPU.ActiveCfg = Debug|Any CPU
		{8BF44619-1772-494D-87D6-6D304C50DDEF}.Debug|Any CPU.Build.0 = Debug|Any CPU
		{8BF44619-1772-494D-87D6-6D304C50DDEF}.Release|Any CPU.ActiveCfg = Release|Any CPU
		{8BF44619-1772-494D-87D6-6D304C50DDEF}.Release|Any CPU.Build.0 = Release|Any CPU
	EndGlobalSection
	GlobalSection(SolutionProperties) = preSolution
		HideSolutionNode = FALSE
	EndGlobalSection
	GlobalSection(ExtensibilityGlobals) = postSolution
		SolutionGuid = {11F2087A-B82B-4B3F-B9CE-D5D1687F3A93}
	EndGlobalSection
EndGlobal
